
Microsoft Visual Studio Solution File, Format Version 12.00
Project("{FAE04EC0-301F-11D3-BF4B-00C04F79EFBC}") = "VideoPlayerExtensions", "VideoPlayerExtensions\VideoPlayerExtensions.csproj", "{78685413-0F8A-4B3E-9EE7-C75A09F5975B}"
EndProject
Global
	GlobalSection(SolutionConfigurationPlatforms) = preSolution
		Debug|Any CPU = Debug|Any CPU
		Release|Any CPU = Release|Any CPU
	EndGlobalSection
	GlobalSection(ProjectConfigurationPlatforms) = postSolution
		{78685413-0F8A-4B3E-9EE7-C75A09F5975B}.Debug|Any CPU.ActiveCfg = Debug|Any CPU
		{78685413-0F8A-4B3E-9EE7-C75A09F5975B}.Debug|Any CPU.Build.0 = Debug|Any CPU
		{78685413-0F8A-4B3E-9EE7-C75A09F5975B}.Release|Any CPU.ActiveCfg = Release|Any CPU
		{78685413-0F8A-4B3E-9EE7-C75A09F5975B}.Release|Any CPU.Build.0 = Release|Any CPU
	EndGlobalSection
EndGlobal
